// !$*UTF8*$!
{
	archiveVersion = 1;
	classes = {
	};
	objectVersion = 55;
	objects = {

/* Begin PBXBuildFile section */
		58841056289ED5C40016622C /* AppDelegate.swift in Sources */ = {isa = PBXBuildFile; fileRef = 58841055289ED5C40016622C /* AppDelegate.swift */; };
		58841058289ED5C40016622C /* SceneDelegate.swift in Sources */ = {isa = PBXBuildFile; fileRef = 58841057289ED5C40016622C /* SceneDelegate.swift */; };
		5884105D289ED5C40016622C /* Main.storyboard in Resources */ = {isa = PBXBuildFile; fileRef = 5884105B289ED5C40016622C /* Main.storyboard */; };
		5884105F289ED5C60016622C /* Assets.xcassets in Resources */ = {isa = PBXBuildFile; fileRef = 5884105E289ED5C60016622C /* Assets.xcassets */; };
		58841062289ED5C60016622C /* LaunchScreen.storyboard in Resources */ = {isa = PBXBuildFile; fileRef = 58841060289ED5C60016622C /* LaunchScreen.storyboard */; };
		588A627028A05BB70085330B /* Order.swift in Sources */ = {isa = PBXBuildFile; fileRef = 588A626F28A05BB60085330B /* Order.swift */; };
		588A627328A05F0C0085330B /* OrderViewModel.swift in Sources */ = {isa = PBXBuildFile; fileRef = 588A627228A05F0C0085330B /* OrderViewModel.swift */; };
		588A627528A065370085330B /* AddCoffeeOrderViewModel.swift in Sources */ = {isa = PBXBuildFile; fileRef = 588A627428A065370085330B /* AddCoffeeOrderViewModel.swift */; };
		58B42DBF289EEF8800442C6A /* OrdersTableViewController.swift in Sources */ = {isa = PBXBuildFile; fileRef = 58B42DBE289EEF8800442C6A /* OrdersTableViewController.swift */; };
		58B42DC1289EEFBD00442C6A /* AddOrderViewController.swift in Sources */ = {isa = PBXBuildFile; fileRef = 58B42DC0289EEFBD00442C6A /* AddOrderViewController.swift */; };
		58B42DC4289EF39400442C6A /* WebService.swift in Sources */ = {isa = PBXBuildFile; fileRef = 58B42DC3289EF39400442C6A /* WebService.swift */; };
/* End PBXBuildFile section */

/* Begin PBXFileReference section */
		58841052289ED5C40016622C /* CoffeeOrder.app */ = {isa = PBXFileReference; explicitFileType = wrapper.application; includeInIndex = 0; path = CoffeeOrder.app; sourceTree = BUILT_PRODUCTS_DIR; };
		58841055289ED5C40016622C /* AppDelegate.swift */ = {isa = PBXFileReference; lastKnownFileType = sourcecode.swift; path = AppDelegate.swift; sourceTree = "<group>"; };
		58841057289ED5C40016622C /* SceneDelegate.swift */ = {isa = PBXFileReference; lastKnownFileType = sourcecode.swift; path = SceneDelegate.swift; sourceTree = "<group>"; };
		5884105C289ED5C40016622C /* Base */ = {isa = PBXFileReference; lastKnownFileType = file.storyboard; name = Base; path = Base.lproj/Main.storyboard; sourceTree = "<group>"; };
		5884105E289ED5C60016622C /* Assets.xcassets */ = {isa = PBXFileReference; lastKnownFileType = folder.assetcatalog; path = Assets.xcassets; sourceTree = "<group>"; };
		58841061289ED5C60016622C /* Base */ = {isa = PBXFileReference; lastKnownFileType = file.storyboard; name = Base; path = Base.lproj/LaunchScreen.storyboard; sourceTree = "<group>"; };
		58841063289ED5C60016622C /* Info.plist */ = {isa = PBXFileReference; lastKnownFileType = text.plist.xml; path = Info.plist; sourceTree = "<group>"; };
		588A626F28A05BB60085330B /* Order.swift */ = {isa = PBXFileReference; lastKnownFileType = sourcecode.swift; path = Order.swift; sourceTree = "<group>"; };
		588A627228A05F0C0085330B /* OrderViewModel.swift */ = {isa = PBXFileReference; lastKnownFileType = sourcecode.swift; path = OrderViewModel.swift; sourceTree = "<group>"; };
		588A627428A065370085330B /* AddCoffeeOrderViewModel.swift */ = {isa = PBXFileReference; lastKnownFileType = sourcecode.swift; path = AddCoffeeOrderViewModel.swift; sourceTree = "<group>"; };
		58B42DBE289EEF8800442C6A /* OrdersTableViewController.swift */ = {isa = PBXFileReference; lastKnownFileType = sourcecode.swift; path = OrdersTableViewController.swift; sourceTree = "<group>"; };
		58B42DC0289EEFBD00442C6A /* AddOrderViewController.swift */ = {isa = PBXFileReference; lastKnownFileType = sourcecode.swift; path = AddOrderViewController.swift; sourceTree = "<group>"; };
		58B42DC3289EF39400442C6A /* WebService.swift */ = {isa = PBXFileReference; lastKnownFileType = sourcecode.swift; path = WebService.swift; sourceTree = "<group>"; };
/* End PBXFileReference section */

/* Begin PBXFrameworksBuildPhase section */
		5884104F289ED5C40016622C /* Frameworks */ = {
			isa = PBXFrameworksBuildPhase;
			buildActionMask = 2147483647;
			files = (
			);
			runOnlyForDeploymentPostprocessing = 0;
		};
/* End PBXFrameworksBuildPhase section */

/* Begin PBXGroup section */
		58841049289ED5C40016622C = {
			isa = PBXGroup;
			children = (
				58841054289ED5C40016622C /* CoffeeOrder */,
				58841053289ED5C40016622C /* Products */,
			);
			sourceTree = "<group>";
		};
		58841053289ED5C40016622C /* Products */ = {
			isa = PBXGroup;
			children = (
				58841052289ED5C40016622C /* CoffeeOrder.app */,
			);
			name = Products;
			sourceTree = "<group>";
		};
		58841054289ED5C40016622C /* CoffeeOrder */ = {
			isa = PBXGroup;
			children = (
				588A627128A05EFE0085330B /* ViewModels */,
				588A626E28A05B9D0085330B /* Models */,
				58B42DC2289EF38400442C6A /* Services */,
				58841069289ED6000016622C /* Controllers */,
				58841055289ED5C40016622C /* AppDelegate.swift */,
				58841057289ED5C40016622C /* SceneDelegate.swift */,
				5884105B289ED5C40016622C /* Main.storyboard */,
				5884105E289ED5C60016622C /* Assets.xcassets */,
				58841060289ED5C60016622C /* LaunchScreen.storyboard */,
				58841063289ED5C60016622C /* Info.plist */,
			);
			path = CoffeeOrder;
			sourceTree = "<group>";
		};
		58841069289ED6000016622C /* Controllers */ = {
			isa = PBXGroup;
			children = (
				58B42DBE289EEF8800442C6A /* OrdersTableViewController.swift */,
				58B42DC0289EEFBD00442C6A /* AddOrderViewController.swift */,
			);
			path = Controllers;
			sourceTree = "<group>";
		};
		588A626E28A05B9D0085330B /* Models */ = {
			isa = PBXGroup;
			children = (
				588A626F28A05BB60085330B /* Order.swift */,
			);
			path = Models;
			sourceTree = "<group>";
		};
		588A627128A05EFE0085330B /* ViewModels */ = {
			isa = PBXGroup;
			children = (
				588A627228A05F0C0085330B /* OrderViewModel.swift */,
				588A627428A065370085330B /* AddCoffeeOrderViewModel.swift */,
			);
			path = ViewModels;
			sourceTree = "<group>";
		};
		58B42DC2289EF38400442C6A /* Services */ = {
			isa = PBXGroup;
			children = (
				58B42DC3289EF39400442C6A /* WebService.swift */,
			);
			path = Services;
			sourceTree = "<group>";
		};
/* End PBXGroup section */

/* Begin PBXNativeTarget section */
		58841051289ED5C40016622C /* CoffeeOrder */ = {
			isa = PBXNativeTarget;
			buildConfigurationList = 58841066289ED5C60016622C /* Build configuration list for PBXNativeTarget "CoffeeOrder" */;
			buildPhases = (
				5884104E289ED5C40016622C /* Sources */,
				5884104F289ED5C40016622C /* Frameworks */,
				58841050289ED5C40016622C /* Resources */,
			);
			buildRules = (
			);
			dependencies = (
			);
			name = CoffeeOrder;
			productName = CoffeeOrder;
			productReference = 58841052289ED5C40016622C /* CoffeeOrder.app */;
			productType = "com.apple.product-type.application";
		};
/* End PBXNativeTarget section */

/* Begin PBXProject section */
		5884104A289ED5C40016622C /* Project object */ = {
			isa = PBXProject;
			attributes = {
				BuildIndependentTargetsInParallel = 1;
				LastSwiftUpdateCheck = 1340;
				LastUpgradeCheck = 1340;
				TargetAttributes = {
					58841051289ED5C40016622C = {
						CreatedOnToolsVersion = 13.4.1;
					};
				};
			};
			buildConfigurationList = 5884104D289ED5C40016622C /* Build configuration list for PBXProject "CoffeeOrder" */;
			compatibilityVersion = "Xcode 13.0";
			developmentRegion = en;
			hasScannedForEncodings = 0;
			knownRegions = (
				en,
				Base,
			);
			mainGroup = 58841049289ED5C40016622C;
			productRefGroup = 58841053289ED5C40016622C /* Products */;
			projectDirPath = "";
			projectRoot = "";
			targets = (
				58841051289ED5C40016622C /* CoffeeOrder */,
			);
		};
/* End PBXProject section */

/* Begin PBXResourcesBuildPhase section */
		58841050289ED5C40016622C /* Resources */ = {
			isa = PBXResourcesBuildPhase;
			buildActionMask = 2147483647;
			files = (
				58841062289ED5C60016622C /* LaunchScreen.storyboard in Resources */,
				5884105F289ED5C60016622C /* Assets.xcassets in Resources */,
				5884105D289ED5C40016622C /* Main.storyboard in Resources */,
			);
			runOnlyForDeploymentPostprocessing = 0;
		};
/* End PBXResourcesBuildPhase section */

/* Begin PBXSourcesBuildPhase section */
		5884104E289ED5C40016622C /* Sources */ = {
			isa = PBXSourcesBuildPhase;
			buildActionMask = 2147483647;
			files = (
				588A627028A05BB70085330B /* Order.swift in Sources */,
				588A627528A065370085330B /* AddCoffeeOrderViewModel.swift in Sources */,
				58841056289ED5C40016622C /* AppDelegate.swift in Sources */,
				58841058289ED5C40016622C /* SceneDelegate.swift in Sources */,
				58B42DBF289EEF8800442C6A /* OrdersTableViewController.swift in Sources */,
				58B42DC4289EF39400442C6A /* WebService.swift in Sources */,
				588A627328A05F0C0085330B /* OrderViewModel.swift in Sources */,
				58B42DC1289EEFBD00442C6A /* AddOrderViewController.swift in Sources */,
			);
			runOnlyForDeploymentPostprocessing = 0;
		};
/* End PBXSourcesBuildPhase section */

/* Begin PBXVariantGroup section */
		5884105B289ED5C40016622C /* Main.storyboard */ = {
			isa = PBXVariantGroup;
			children = (
				5884105C289ED5C40016622C /* Base */,
			);
			name = Main.storyboard;
			sourceTree = "<group>";
		};
		58841060289ED5C60016622C /* LaunchScreen.storyboard */ = {
			isa = PBXVariantGroup;
			children = (
				58841061289ED5C60016622C /* Base */,
			);
			name = LaunchScreen.storyboard;
			sourceTree = "<group>";
		};
/* End PBXVariantGroup section */

/* Begin XCBuildConfiguration section */
		58841064289ED5C60016622C /* Debug */ = {
			isa = XCBuildConfiguration;
			buildSettings = {
				ALWAYS_SEARCH_USER_PATHS = NO;
				CLANG_ANALYZER_NONNULL = YES;
				CLANG_ANALYZER_NUMBER_OBJECT_CONVERSION = YES_AGGRESSIVE;
				CLANG_CXX_LANGUAGE_STANDARD = "gnu++17";
				CLANG_ENABLE_MODULES = YES;
				CLANG_ENABLE_OBJC_ARC = YES;
				CLANG_ENABLE_OBJC_WEAK = YES;
				CLANG_WARN_BLOCK_CAPTURE_AUTORELEASING = YES;
				CLANG_WARN_BOOL_CONVERSION = YES;
				CLANG_WARN_COMMA = YES;
				CLANG_WARN_CONSTANT_CONVERSION = YES;
				CLANG_WARN_DEPRECATED_OBJC_IMPLEMENTATIONS = YES;
				CLANG_WARN_DIRECT_OBJC_ISA_USAGE = YES_ERROR;
				CLANG_WARN_DOCUMENTATION_COMMENTS = YES;
				CLANG_WARN_EMPTY_BODY = YES;
				CLANG_WARN_ENUM_CONVERSION = YES;
				CLANG_WARN_INFINITE_RECURSION = YES;
				CLANG_WARN_INT_CONVERSION = YES;
				CLANG_WARN_NON_LITERAL_NULL_CONVERSION = YES;
				CLANG_WARN_OBJC_IMPLICIT_RETAIN_SELF = YES;
				CLANG_WARN_OBJC_LITERAL_CONVERSION = YES;
				CLANG_WARN_OBJC_ROOT_CLASS = YES_ERROR;
				CLANG_WARN_QUOTED_INCLUDE_IN_FRAMEWORK_HEADER = YES;
				CLANG_WARN_RANGE_LOOP_ANALYSIS = YES;
				CLANG_WARN_STRICT_PROTOTYPES = YES;
				CLANG_WARN_SUSPICIOUS_MOVE = YES;
				CLANG_WARN_UNGUARDED_AVAILABILITY = YES_AGGRESSIVE;
				CLANG_WARN_UNREACHABLE_CODE = YES;
				CLANG_WARN__DUPLICATE_METHOD_MATCH = YES;
				COPY_PHASE_STRIP = NO;
				DEBUG_INFORMATION_FORMAT = dwarf;
				ENABLE_STRICT_OBJC_MSGSEND = YES;
				ENABLE_TESTABILITY = YES;
				GCC_C_LANGUAGE_STANDARD = gnu11;
				GCC_DYNAMIC_NO_PIC = NO;
				GCC_NO_COMMON_BLOCKS = YES;
				GCC_OPTIMIZATION_LEVEL = 0;
				GCC_PREPROCESSOR_DEFINITIONS = (
					"DEBUG=1",
					"$(inherited)",
				);
				GCC_WARN_64_TO_32_BIT_CONVERSION = YES;
				GCC_WARN_ABOUT_RETURN_TYPE = YES_ERROR;
				GCC_WARN_UNDECLARED_SELECTOR = YES;
				GCC_WARN_UNINITIALIZED_AUTOS = YES_AGGRESSIVE;
				GCC_WARN_UNUSED_FUNCTION = YES;
				GCC_WARN_UNUSED_VARIABLE = YES;
				IPHONEOS_DEPLOYMENT_TARGET = 15.5;
				MTL_ENABLE_DEBUG_INFO = INCLUDE_SOURCE;
				MTL_FAST_MATH = YES;
				ONLY_ACTIVE_ARCH = YES;
				SDKROOT = iphoneos;
				SWIFT_ACTIVE_COMPILATION_CONDITIONS = DEBUG;
				SWIFT_OPTIMIZATION_LEVEL = "-Onone";
			};
			name = Debug;
		};
		58841065289ED5C60016622C /* Release */ = {
			isa = XCBuildConfiguration;
			buildSettings = {
				ALWAYS_SEARCH_USER_PATHS = NO;
				CLANG_ANALYZER_NONNULL = YES;
				CLANG_ANALYZER_NUMBER_OBJECT_CONVERSION = YES_AGGRESSIVE;
				CLANG_CXX_LANGUAGE_STANDARD = "gnu++17";
				CLANG_ENABLE_MODULES = YES;
				CLANG_ENABLE_OBJC_ARC = YES;
				CLANG_ENABLE_OBJC_WEAK = YES;
				CLANG_WARN_BLOCK_CAPTURE_AUTORELEASING = YES;
				CLANG_WARN_BOOL_CONVERSION = YES;
				CLANG_WARN_COMMA = YES;
				CLANG_WARN_CONSTANT_CONVERSION = YES;
				CLANG_WARN_DEPRECATED_OBJC_IMPLEMENTATIONS = YES;
				CLANG_WARN_DIRECT_OBJC_ISA_USAGE = YES_ERROR;
				CLANG_WARN_DOCUMENTATION_COMMENTS = YES;
				CLANG_WARN_EMPTY_BODY = YES;
				CLANG_WARN_ENUM_CONVERSION = YES;
				CLANG_WARN_INFINITE_RECURSION = YES;
				CLANG_WARN_INT_CONVERSION = YES;
				CLANG_WARN_NON_LITERAL_NULL_CONVERSION = YES;
				CLANG_WARN_OBJC_IMPLICIT_RETAIN_SELF = YES;
				CLANG_WARN_OBJC_LITERAL_CONVERSION = YES;
				CLANG_WARN_OBJC_ROOT_CLASS = YES_ERROR;
				CLANG_WARN_QUOTED_INCLUDE_IN_FRAMEWORK_HEADER = YES;
				CLANG_WARN_RANGE_LOOP_ANALYSIS = YES;
				CLANG_WARN_STRICT_PROTOTYPES = YES;
				CLANG_WARN_SUSPICIOUS_MOVE = YES;
				CLANG_WARN_UNGUARDED_AVAILABILITY = YES_AGGRESSIVE;
				CLANG_WARN_UNREACHABLE_CODE = YES;
				CLANG_WARN__DUPLICATE_METHOD_MATCH = YES;
				COPY_PHASE_STRIP = NO;
				DEBUG_INFORMATION_FORMAT = "dwarf-with-dsym";
				ENABLE_NS_ASSERTIONS = NO;
				ENABLE_STRICT_OBJC_MSGSEND = YES;
				GCC_C_LANGUAGE_STANDARD = gnu11;
				GCC_NO_COMMON_BLOCKS = YES;
				GCC_WARN_64_TO_32_BIT_CONVERSION = YES;
				GCC_WARN_ABOUT_RETURN_TYPE = YES_ERROR;
				GCC_WARN_UNDECLARED_SELECTOR = YES;
				GCC_WARN_UNINITIALIZED_AUTOS = YES_AGGRESSIVE;
				GCC_WARN_UNUSED_FUNCTION = YES;
				GCC_WARN_UNUSED_VARIABLE = YES;
				IPHONEOS_DEPLOYMENT_TARGET = 15.5;
				MTL_ENABLE_DEBUG_INFO = NO;
				MTL_FAST_MATH = YES;
				SDKROOT = iphoneos;
				SWIFT_COMPILATION_MODE = wholemodule;
				SWIFT_OPTIMIZATION_LEVEL = "-O";
				VALIDATE_PRODUCT = YES;
			};
			name = Release;
		};
		58841067289ED5C60016622C /* Debug */ = {
			isa = XCBuildConfiguration;
			buildSettings = {
				ASSETCATALOG_COMPILER_APPICON_NAME = AppIcon;
				ASSETCATALOG_COMPILER_GLOBAL_ACCENT_COLOR_NAME = AccentColor;
				CODE_SIGN_STYLE = Automatic;
				CURRENT_PROJECT_VERSION = 1;
				DEVELOPMENT_TEAM = 9JSRL669P2;
				GENERATE_INFOPLIST_FILE = YES;
				INFOPLIST_FILE = CoffeeOrder/Info.plist;
				INFOPLIST_KEY_UIApplicationSupportsIndirectInputEvents = YES;
				INFOPLIST_KEY_UILaunchStoryboardName = LaunchScreen;
				INFOPLIST_KEY_UIMainStoryboardFile = Main;
				INFOPLIST_KEY_UISupportedInterfaceOrientations_iPad = "UIInterfaceOrientationPortrait UIInterfaceOrientationPortraitUpsideDown UIInterfaceOrientationLandscapeLeft UIInterfaceOrientationLandscapeRight";
				INFOPLIST_KEY_UISupportedInterfaceOrientations_iPhone = "UIInterfaceOrientationPortrait UIInterfaceOrientationLandscapeLeft UIInterfaceOrientationLandscapeRight";
				LD_RUNPATH_SEARCH_PATHS = (
					"$(inherited)",
					"@executable_path/Frameworks",
				);
				MARKETING_VERSION = 1.0;
				PRODUCT_BUNDLE_IDENTIFIER = ata.studio.vn.CoffeeOrder;
				PRODUCT_NAME = "$(TARGET_NAME)";
				SWIFT_EMIT_LOC_STRINGS = YES;
				SWIFT_VERSION = 5.0;
				TARGETED_DEVICE_FAMILY = "1,2";
			};
			name = Debug;
		};
		58841068289ED5C60016622C /* Release */ = {
			isa = XCBuildConfiguration;
			buildSettings = {
				ASSETCATALOG_COMPILER_APPICON_NAME = AppIcon;
				ASSETCATALOG_COMPILER_GLOBAL_ACCENT_COLOR_NAME = AccentColor;
				CODE_SIGN_STYLE = Automatic;
				CURRENT_PROJECT_VERSION = 1;
				DEVELOPMENT_TEAM = 9JSRL669P2;
				GENERATE_INFOPLIST_FILE = YES;
				INFOPLIST_FILE = CoffeeOrder/Info.plist;
				INFOPLIST_KEY_UIApplicationSupportsIndirectInputEvents = YES;
				INFOPLIST_KEY_UILaunchStoryboardName = LaunchScreen;
				INFOPLIST_KEY_UIMainStoryboardFile = Main;
				INFOPLIST_KEY_UISupportedInterfaceOrientations_iPad = "UIInterfaceOrientationPortrait UIInterfaceOrientationPortraitUpsideDown UIInterfaceOrientationLandscapeLeft UIInterfaceOrientationLandscapeRight";
				INFOPLIST_KEY_UISupportedInterfaceOrientations_iPhone = "UIInterfaceOrientationPortrait UIInterfaceOrientationLandscapeLeft UIInterfaceOrientationLandscapeRight";
				LD_RUNPATH_SEARCH_PATHS = (
					"$(inherited)",
					"@executable_path/Frameworks",
				);
				MARKETING_VERSION = 1.0;
				PRODUCT_BUNDLE_IDENTIFIER = ata.studio.vn.CoffeeOrder;
				PRODUCT_NAME = "$(TARGET_NAME)";
				SWIFT_EMIT_LOC_STRINGS = YES;
				SWIFT_VERSION = 5.0;
				TARGETED_DEVICE_FAMILY = "1,2";
			};
			name = Release;
		};
/* End XCBuildConfiguration section */

/* Begin XCConfigurationList section */
		5884104D289ED5C40016622C /* Build configuration list for PBXProject "CoffeeOrder" */ = {
			isa = XCConfigurationList;
			buildConfigurations = (
				58841064289ED5C60016622C /* Debug */,
				58841065289ED5C60016622C /* Release */,
			);
			defaultConfigurationIsVisible = 0;
			defaultConfigurationName = Release;
		};
		58841066289ED5C60016622C /* Build configuration list for PBXNativeTarget "CoffeeOrder" */ = {
			isa = XCConfigurationList;
			buildConfigurations = (
				58841067289ED5C60016622C /* Debug */,
				58841068289ED5C60016622C /* Release */,
			);
			defaultConfigurationIsVisible = 0;
			defaultConfigurationName = Release;
		};
/* End XCConfigurationList section */
	};
	rootObject = 5884104A289ED5C40016622C /* Project object */;
}
